// !$*UTF8*$!
{
	archiveVersion = 1;
	classes = {
	};
	objectVersion = 46;
	objects = {

/* Begin PBXBuildFile section */
		2AE3469DBDDA11DE2BC64C2F /* libPods.a in Frameworks */ = {isa = PBXBuildFile; fileRef = BFF730DFBA595339017F8338 /* libPods.a */; };
		65F7DFF41C226BB000FCE9FF /* main.m in Sources */ = {isa = PBXBuildFile; fileRef = 65F7DFF31C226BB000FCE9FF /* main.m */; };
		65F7DFF71C226BB000FCE9FF /* AppDelegate.m in Sources */ = {isa = PBXBuildFile; fileRef = 65F7DFF61C226BB000FCE9FF /* AppDelegate.m */; };
		65F7DFFA1C226BB000FCE9FF /* ViewController.m in Sources */ = {isa = PBXBuildFile; fileRef = 65F7DFF91C226BB000FCE9FF /* ViewController.m */; };
		65F7DFFF1C226BB000FCE9FF /* Assets.xcassets in Resources */ = {isa = PBXBuildFile; fileRef = 65F7DFFE1C226BB000FCE9FF /* Assets.xcassets */; };
		65F7E0021C226BB000FCE9FF /* LaunchScreen.storyboard in Resources */ = {isa = PBXBuildFile; fileRef = 65F7E0001C226BB000FCE9FF /* LaunchScreen.storyboard */; };
		65F7E00C1C226C2A00FCE9FF /* TLTagView.m in Sources */ = {isa = PBXBuildFile; fileRef = 65F7E00B1C226C2A00FCE9FF /* TLTagView.m */; };
		65F7E0121C227E4A00FCE9FF /* UIColor+Hex.m in Sources */ = {isa = PBXBuildFile; fileRef = 65F7E0111C227E4A00FCE9FF /* UIColor+Hex.m */; };
		65F7E0151C228B8C00FCE9FF /* TLTextField.m in Sources */ = {isa = PBXBuildFile; fileRef = 65F7E0141C228B8C00FCE9FF /* TLTextField.m */; };
/* End PBXBuildFile section */

/* Begin PBXFileReference section */
		65F7DFEF1C226BB000FCE9FF /* TLTagView.app */ = {isa = PBXFileReference; explicitFileType = wrapper.application; includeInIndex = 0; path = TLTagView.app; sourceTree = BUILT_PRODUCTS_DIR; };
		65F7DFF31C226BB000FCE9FF /* main.m */ = {isa = PBXFileReference; lastKnownFileType = sourcecode.c.objc; path = main.m; sourceTree = "<group>"; };
		65F7DFF51C226BB000FCE9FF /* AppDelegate.h */ = {isa = PBXFileReference; lastKnownFileType = sourcecode.c.h; path = AppDelegate.h; sourceTree = "<group>"; };
		65F7DFF61C226BB000FCE9FF /* AppDelegate.m */ = {isa = PBXFileReference; lastKnownFileType = sourcecode.c.objc; path = AppDelegate.m; sourceTree = "<group>"; };
		65F7DFF81C226BB000FCE9FF /* ViewController.h */ = {isa = PBXFileReference; lastKnownFileType = sourcecode.c.h; path = ViewController.h; sourceTree = "<group>"; };
		65F7DFF91C226BB000FCE9FF /* ViewController.m */ = {isa = PBXFileReference; lastKnownFileType = sourcecode.c.objc; path = ViewController.m; sourceTree = "<group>"; };
		65F7DFFE1C226BB000FCE9FF /* Assets.xcassets */ = {isa = PBXFileReference; lastKnownFileType = folder.assetcatalog; path = Assets.xcassets; sourceTree = "<group>"; };
		65F7E0011C226BB000FCE9FF /* Base */ = {isa = PBXFileReference; lastKnownFileType = file.storyboard; name = Base; path = Base.lproj/LaunchScreen.storyboard; sourceTree = "<group>"; };
		65F7E0031C226BB000FCE9FF /* Info.plist */ = {isa = PBXFileReference; lastKnownFileType = text.plist.xml; path = Info.plist; sourceTree = "<group>"; };
		65F7E00A1C226C2A00FCE9FF /* TLTagView.h */ = {isa = PBXFileReference; fileEncoding = 4; lastKnownFileType = sourcecode.c.h; path = TLTagView.h; sourceTree = "<group>"; };
		65F7E00B1C226C2A00FCE9FF /* TLTagView.m */ = {isa = PBXFileReference; fileEncoding = 4; lastKnownFileType = sourcecode.c.objc; path = TLTagView.m; sourceTree = "<group>"; };
		65F7E0101C227E4A00FCE9FF /* UIColor+Hex.h */ = {isa = PBXFileReference; fileEncoding = 4; lastKnownFileType = sourcecode.c.h; path = "UIColor+Hex.h"; sourceTree = "<group>"; };
		65F7E0111C227E4A00FCE9FF /* UIColor+Hex.m */ = {isa = PBXFileReference; fileEncoding = 4; lastKnownFileType = sourcecode.c.objc; path = "UIColor+Hex.m"; sourceTree = "<group>"; };
		65F7E0131C228B8C00FCE9FF /* TLTextField.h */ = {isa = PBXFileReference; fileEncoding = 4; lastKnownFileType = sourcecode.c.h; path = TLTextField.h; sourceTree = "<group>"; };
		65F7E0141C228B8C00FCE9FF /* TLTextField.m */ = {isa = PBXFileReference; fileEncoding = 4; lastKnownFileType = sourcecode.c.objc; path = TLTextField.m; sourceTree = "<group>"; };
		AED31E71715113F2F282315A /* Pods.release.xcconfig */ = {isa = PBXFileReference; includeInIndex = 1; lastKnownFileType = text.xcconfig; name = Pods.release.xcconfig; path = "Pods/Target Support Files/Pods/Pods.release.xcconfig"; sourceTree = "<group>"; };
		BFF730DFBA595339017F8338 /* libPods.a */ = {isa = PBXFileReference; explicitFileType = archive.ar; includeInIndex = 0; path = libPods.a; sourceTree = BUILT_PRODUCTS_DIR; };
		F4AA5A77E970C982228D27D5 /* Pods.debug.xcconfig */ = {isa = PBXFileReference; includeInIndex = 1; lastKnownFileType = text.xcconfig; name = Pods.debug.xcconfig; path = "Pods/Target Support Files/Pods/Pods.debug.xcconfig"; sourceTree = "<group>"; };
/* End PBXFileReference section */

/* Begin PBXFrameworksBuildPhase section */
		65F7DFEC1C226BB000FCE9FF /* Frameworks */ = {
			isa = PBXFrameworksBuildPhase;
			buildActionMask = 2147483647;
			files = (
				2AE3469DBDDA11DE2BC64C2F /* libPods.a in Frameworks */,
			);
			runOnlyForDeploymentPostprocessing = 0;
		};
/* End PBXFrameworksBuildPhase section */

/* Begin PBXGroup section */
		65F7DFE61C226BB000FCE9FF = {
			isa = PBXGroup;
			children = (
				65F7E0091C226BD600FCE9FF /* Class */,
				65F7DFF11C226BB000FCE9FF /* TLTagView */,
				65F7DFF01C226BB000FCE9FF /* Products */,
				9747D56D2C6B5682D0AF800B /* Pods */,
				706F252F5C05CB028FBFDD10 /* Frameworks */,
			);
			sourceTree = "<group>";
		};
		65F7DFF01C226BB000FCE9FF /* Products */ = {
			isa = PBXGroup;
			children = (
				65F7DFEF1C226BB000FCE9FF /* TLTagView.app */,
			);
			name = Products;
			sourceTree = "<group>";
		};
		65F7DFF11C226BB000FCE9FF /* TLTagView */ = {
			isa = PBXGroup;
			children = (
				65F7DFF51C226BB000FCE9FF /* AppDelegate.h */,
				65F7DFF61C226BB000FCE9FF /* AppDelegate.m */,
				65F7DFF81C226BB000FCE9FF /* ViewController.h */,
				65F7DFF91C226BB000FCE9FF /* ViewController.m */,
				65F7DFFE1C226BB000FCE9FF /* Assets.xcassets */,
				65F7E0001C226BB000FCE9FF /* LaunchScreen.storyboard */,
				65F7E0031C226BB000FCE9FF /* Info.plist */,
				65F7DFF21C226BB000FCE9FF /* Supporting Files */,
			);
			path = TLTagView;
			sourceTree = "<group>";
		};
		65F7DFF21C226BB000FCE9FF /* Supporting Files */ = {
			isa = PBXGroup;
			children = (
				65F7DFF31C226BB000FCE9FF /* main.m */,
			);
			name = "Supporting Files";
			sourceTree = "<group>";
		};
		65F7E0091C226BD600FCE9FF /* Class */ = {
			isa = PBXGroup;
			children = (
				65F7E00A1C226C2A00FCE9FF /* TLTagView.h */,
				65F7E00B1C226C2A00FCE9FF /* TLTagView.m */,
				65F7E0131C228B8C00FCE9FF /* TLTextField.h */,
				65F7E0141C228B8C00FCE9FF /* TLTextField.m */,
				65F7E0101C227E4A00FCE9FF /* UIColor+Hex.h */,
				65F7E0111C227E4A00FCE9FF /* UIColor+Hex.m */,
			);
			path = Class;
			sourceTree = "<group>";
		};
		706F252F5C05CB028FBFDD10 /* Frameworks */ = {
			isa = PBXGroup;
			children = (
				BFF730DFBA595339017F8338 /* libPods.a */,
			);
			name = Frameworks;
			sourceTree = "<group>";
		};
		9747D56D2C6B5682D0AF800B /* Pods */ = {
			isa = PBXGroup;
			children = (
				F4AA5A77E970C982228D27D5 /* Pods.debug.xcconfig */,
				AED31E71715113F2F282315A /* Pods.release.xcconfig */,
			);
			name = Pods;
			sourceTree = "<group>";
		};
/* End PBXGroup section */

/* Begin PBXNativeTarget section */
		65F7DFEE1C226BB000FCE9FF /* TLTagView */ = {
			isa = PBXNativeTarget;
			buildConfigurationList = 65F7E0061C226BB000FCE9FF /* Build configuration list for PBXNativeTarget "TLTagView" */;
			buildPhases = (
				D38EEF1D605B530208421A88 /* Check Pods Manifest.lock */,
				65F7DFEB1C226BB000FCE9FF /* Sources */,
				65F7DFEC1C226BB000FCE9FF /* Frameworks */,
				65F7DFED1C226BB000FCE9FF /* Resources */,
				DAA0B0A22CF1BCBDC2ECF592 /* Embed Pods Frameworks */,
				B2A47D74FF5DAC74D2DA32B6 /* Copy Pods Resources */,
			);
			buildRules = (
			);
			dependencies = (
			);
			name = TLTagView;
			productName = TLTagView;
			productReference = 65F7DFEF1C226BB000FCE9FF /* TLTagView.app */;
			productType = "com.apple.product-type.application";
		};
/* End PBXNativeTarget section */

/* Begin PBXProject section */
		65F7DFE71C226BB000FCE9FF /* Project object */ = {
			isa = PBXProject;
			attributes = {
				LastUpgradeCheck = 0720;
				ORGANIZATIONNAME = Garry;
				TargetAttributes = {
					65F7DFEE1C226BB000FCE9FF = {
						CreatedOnToolsVersion = 7.2;
					};
				};
			};
			buildConfigurationList = 65F7DFEA1C226BB000FCE9FF /* Build configuration list for PBXProject "TLTagView" */;
			compatibilityVersion = "Xcode 3.2";
			developmentRegion = English;
			hasScannedForEncodings = 0;
			knownRegions = (
				en,
				Base,
			);
			mainGroup = 65F7DFE61C226BB000FCE9FF;
			productRefGroup = 65F7DFF01C226BB000FCE9FF /* Products */;
			projectDirPath = "";
			projectRoot = "";
			targets = (
				65F7DFEE1C226BB000FCE9FF /* TLTagView */,
			);
		};
/* End PBXProject section */

/* Begin PBXResourcesBuildPhase section */
		65F7DFED1C226BB000FCE9FF /* Resources */ = {
			isa = PBXResourcesBuildPhase;
			buildActionMask = 2147483647;
			files = (
				65F7E0021C226BB000FCE9FF /* LaunchScreen.storyboard in Resources */,
				65F7DFFF1C226BB000FCE9FF /* Assets.xcassets in Resources */,
			);
			runOnlyForDeploymentPostprocessing = 0;
		};
/* End PBXResourcesBuildPhase section */

/* Begin PBXShellScriptBuildPhase section */
		B2A47D74FF5DAC74D2DA32B6 /* Copy Pods Resources */ = {
			isa = PBXShellScriptBuildPhase;
			buildActionMask = 2147483647;
			files = (
			);
			inputPaths = (
			);
			name = "Copy Pods Resources";
			outputPaths = (
			);
			runOnlyForDeploymentPostprocessing = 0;
			shellPath = /bin/sh;
			shellScript = "\"${SRCROOT}/Pods/Target Support Files/Pods/Pods-resources.sh\"\n";
			showEnvVarsInLog = 0;
		};
		D38EEF1D605B530208421A88 /* Check Pods Manifest.lock */ = {
			isa = PBXShellScriptBuildPhase;
			buildActionMask = 2147483647;
			files = (
			);
			inputPaths = (
			);
			name = "Check Pods Manifest.lock";
			outputPaths = (
			);
			runOnlyForDeploymentPostprocessing = 0;
			shellPath = /bin/sh;
			shellScript = "diff \"${PODS_ROOT}/../Podfile.lock\" \"${PODS_ROOT}/Manifest.lock\" > /dev/null\nif [[ $? != 0 ]] ; then\n    cat << EOM\nerror: The sandbox is not in sync with the Podfile.lock. Run 'pod install' or update your CocoaPods installation.\nEOM\n    exit 1\nfi\n";
			showEnvVarsInLog = 0;
		};
		DAA0B0A22CF1BCBDC2ECF592 /* Embed Pods Frameworks */ = {
			isa = PBXShellScriptBuildPhase;
			buildActionMask = 2147483647;
			files = (
			);
			inputPaths = (
			);
			name = "Embed Pods Frameworks";
			outputPaths = (
			);
			runOnlyForDeploymentPostprocessing = 0;
			shellPath = /bin/sh;
			shellScript = "\"${SRCROOT}/Pods/Target Support Files/Pods/Pods-frameworks.sh\"\n";
			showEnvVarsInLog = 0;
		};
/* End PBXShellScriptBuildPhase section */

/* Begin PBXSourcesBuildPhase section */
		65F7DFEB1C226BB000FCE9FF /* Sources */ = {
			isa = PBXSourcesBuildPhase;
			buildActionMask = 2147483647;
			files = (
				65F7DFFA1C226BB000FCE9FF /* ViewController.m in Sources */,
				65F7E0151C228B8C00FCE9FF /* TLTextField.m in Sources */,
				65F7E0121C227E4A00FCE9FF /* UIColor+Hex.m in Sources */,
				65F7E00C1C226C2A00FCE9FF /* TLTagView.m in Sources */,
				65F7DFF71C226BB000FCE9FF /* AppDelegate.m in Sources */,
				65F7DFF41C226BB000FCE9FF /* main.m in Sources */,
			);
			runOnlyForDeploymentPostprocessing = 0;
		};
/* End PBXSourcesBuildPhase section */

/* Begin PBXVariantGroup section */
		65F7E0001C226BB000FCE9FF /* LaunchScreen.storyboard */ = {
			isa = PBXVariantGroup;
			children = (
				65F7E0011C226BB000FCE9FF /* Base */,
			);
			name = LaunchScreen.storyboard;
			sourceTree = "<group>";
		};
/* End PBXVariantGroup section */

/* Begin XCBuildConfiguration section */
		65F7E0041C226BB000FCE9FF /* Debug */ = {
			isa = XCBuildConfiguration;
			buildSettings = {
				ALWAYS_SEARCH_USER_PATHS = NO;
				CLANG_CXX_LANGUAGE_STANDARD = "gnu++0x";
				CLANG_CXX_LIBRARY = "libc++";
				CLANG_ENABLE_MODULES = YES;
				CLANG_ENABLE_OBJC_ARC = YES;
				CLANG_WARN_BOOL_CONVERSION = YES;
				CLANG_WARN_CONSTANT_CONVERSION = YES;
				CLANG_WARN_DIRECT_OBJC_ISA_USAGE = YES_ERROR;
				CLANG_WARN_EMPTY_BODY = YES;
				CLANG_WARN_ENUM_CONVERSION = YES;
				CLANG_WARN_INT_CONVERSION = YES;
				CLANG_WARN_OBJC_ROOT_CLASS = YES_ERROR;
				CLANG_WARN_UNREACHABLE_CODE = YES;
				CLANG_WARN__DUPLICATE_METHOD_MATCH = YES;
				"CODE_SIGN_IDENTITY[sdk=iphoneos*]" = "iPhone Developer";
				COPY_PHASE_STRIP = NO;
				DEBUG_INFORMATION_FORMAT = dwarf;
				ENABLE_STRICT_OBJC_MSGSEND = YES;
				ENABLE_TESTABILITY = YES;
				GCC_C_LANGUAGE_STANDARD = gnu99;
				GCC_DYNAMIC_NO_PIC = NO;
				GCC_NO_COMMON_BLOCKS = YES;
				GCC_OPTIMIZATION_LEVEL = 0;
				GCC_PREPROCESSOR_DEFINITIONS = (
					"DEBUG=1",
					"$(inherited)",
				);
				GCC_WARN_64_TO_32_BIT_CONVERSION = YES;
				GCC_WARN_ABOUT_RETURN_TYPE = YES_ERROR;
				GCC_WARN_UNDECLARED_SELECTOR = YES;
				GCC_WARN_UNINITIALIZED_AUTOS = YES_AGGRESSIVE;
				GCC_WARN_UNUSED_FUNCTION = YES;
				GCC_WARN_UNUSED_VARIABLE = YES;
				IPHONEOS_DEPLOYMENT_TARGET = 9.2;
				MTL_ENABLE_DEBUG_INFO = YES;
				ONLY_ACTIVE_ARCH = YES;
				SDKROOT = iphoneos;
				TARGETED_DEVICE_FAMILY = "1,2";
			};
			name = Debug;
		};
		65F7E0051C226BB000FCE9FF /* Release */ = {
			isa = XCBuildConfiguration;
			buildSettings = {
				ALWAYS_SEARCH_USER_PATHS = NO;
				CLANG_CXX_LANGUAGE_STANDARD = "gnu++0x";
				CLANG_CXX_LIBRARY = "libc++";
				CLANG_ENABLE_MODULES = YES;
				CLANG_ENABLE_OBJC_ARC = YES;
				CLANG_WARN_BOOL_CONVERSION = YES;
				CLANG_WARN_CONSTANT_CONVERSION = YES;
				CLANG_WARN_DIRECT_OBJC_ISA_USAGE = YES_ERROR;
				CLANG_WARN_EMPTY_BODY = YES;
				CLANG_WARN_ENUM_CONVERSION = YES;
				CLANG_WARN_INT_CONVERSION = YES;
				CLANG_WARN_OBJC_ROOT_CLASS = YES_ERROR;
				CLANG_WARN_UNREACHABLE_CODE = YES;
				CLANG_WARN__DUPLICATE_METHOD_MATCH = YES;
				"CODE_SIGN_IDENTITY[sdk=iphoneos*]" = "iPhone Developer";
				COPY_PHASE_STRIP = NO;
				DEBUG_INFORMATION_FORMAT = "dwarf-with-dsym";
				ENABLE_NS_ASSERTIONS = NO;
				ENABLE_STRICT_OBJC_MSGSEND = YES;
				GCC_C_LANGUAGE_STANDARD = gnu99;
				GCC_NO_COMMON_BLOCKS = YES;
				GCC_WARN_64_TO_32_BIT_CONVERSION = YES;
				GCC_WARN_ABOUT_RETURN_TYPE = YES_ERROR;
				GCC_WARN_UNDECLARED_SELECTOR = YES;
				GCC_WARN_UNINITIALIZED_AUTOS = YES_AGGRESSIVE;
				GCC_WARN_UNUSED_FUNCTION = YES;
				GCC_WARN_UNUSED_VARIABLE = YES;
				IPHONEOS_DEPLOYMENT_TARGET = 9.2;
				MTL_ENABLE_DEBUG_INFO = NO;
				SDKROOT = iphoneos;
				TARGETED_DEVICE_FAMILY = "1,2";
				VALIDATE_PRODUCT = YES;
			};
			name = Release;
		};
		65F7E0071C226BB000FCE9FF /* Debug */ = {
			isa = XCBuildConfiguration;
			baseConfigurationReference = F4AA5A77E970C982228D27D5 /* Pods.debug.xcconfig */;
			buildSettings = {
				ASSETCATALOG_COMPILER_APPICON_NAME = AppIcon;
				INFOPLIST_FILE = TLTagView/Info.plist;
				IPHONEOS_DEPLOYMENT_TARGET = 8.0;
				LD_RUNPATH_SEARCH_PATHS = "$(inherited) @executable_path/Frameworks";
				PRODUCT_BUNDLE_IDENTIFIER = com.Garry.TLTagView;
				PRODUCT_NAME = "$(TARGET_NAME)";
			};
			name = Debug;
		};
		65F7E0081C226BB000FCE9FF /* Release */ = {
			isa = XCBuildConfiguration;
			baseConfigurationReference = AED31E71715113F2F282315A /* Pods.release.xcconfig */;
			buildSettings = {
				ASSETCATALOG_COMPILER_APPICON_NAME = AppIcon;
				INFOPLIST_FILE = TLTagView/Info.plist;
				IPHONEOS_DEPLOYMENT_TARGET = 8.0;
				LD_RUNPATH_SEARCH_PATHS = "$(inherited) @executable_path/Frameworks";
				PRODUCT_BUNDLE_IDENTIFIER = com.Garry.TLTagView;
				PRODUCT_NAME = "$(TARGET_NAME)";
			};
			name = Release;
		};
/* End XCBuildConfiguration section */

/* Begin XCConfigurationList section */
		65F7DFEA1C226BB000FCE9FF /* Build configuration list for PBXProject "TLTagView" */ = {
			isa = XCConfigurationList;
			buildConfigurations = (
				65F7E0041C226BB000FCE9FF /* Debug */,
				65F7E0051C226BB000FCE9FF /* Release */,
			);
			defaultConfigurationIsVisible = 0;
			defaultConfigurationName = Release;
		};
		65F7E0061C226BB000FCE9FF /* Build configuration list for PBXNativeTarget "TLTagView" */ = {
			isa = XCConfigurationList;
			buildConfigurations = (
				65F7E0071C226BB000FCE9FF /* Debug */,
				65F7E0081C226BB000FCE9FF /* Release */,
			);
			defaultConfigurationIsVisible = 0;
			defaultConfigurationName = Release;
		};
/* End XCConfigurationList section */
	};
	rootObject = 65F7DFE71C226BB000FCE9FF /* Project object */;
}
